// !$*UTF8*$!
{
	archiveVersion = 1;
	classes = {
	};
	objectVersion = 50;
	objects = {

/* Begin PBXBuildFile section */
		69520C5B252200550014275D /* main.m in Sources */ = {isa = PBXBuildFile; fileRef = 69520C5A252200550014275D /* main.m */; };
		69520C63252207EC0014275D /* Bird.m in Sources */ = {isa = PBXBuildFile; fileRef = 69520C62252207EC0014275D /* Bird.m */; };
		69520C6625220A050014275D /* FlockOfBirds.m in Sources */ = {isa = PBXBuildFile; fileRef = 69520C6525220A050014275D /* FlockOfBirds.m */; };
		69520C6925220DE20014275D /* Calculator.m in Sources */ = {isa = PBXBuildFile; fileRef = 69520C6825220DE20014275D /* Calculator.m */; };
/* End PBXBuildFile section */

/* Begin PBXCopyFilesBuildPhase section */
		69520C55252200550014275D /* CopyFiles */ = {
			isa = PBXCopyFilesBuildPhase;
			buildActionMask = 2147483647;
			dstPath = /usr/share/man/man1/;
			dstSubfolderSpec = 0;
			files = (
			);
			runOnlyForDeploymentPostprocessing = 1;
		};
/* End PBXCopyFilesBuildPhase section */

/* Begin PBXFileReference section */
		69520C57252200550014275D /* Object-CLesson5 */ = {isa = PBXFileReference; explicitFileType = "compiled.mach-o.executable"; includeInIndex = 0; path = "Object-CLesson5"; sourceTree = BUILT_PRODUCTS_DIR; };
		69520C5A252200550014275D /* main.m */ = {isa = PBXFileReference; lastKnownFileType = sourcecode.c.objc; path = main.m; sourceTree = "<group>"; };
		69520C61252207EC0014275D /* Bird.h */ = {isa = PBXFileReference; lastKnownFileType = sourcecode.c.h; path = Bird.h; sourceTree = "<group>"; };
		69520C62252207EC0014275D /* Bird.m */ = {isa = PBXFileReference; lastKnownFileType = sourcecode.c.objc; path = Bird.m; sourceTree = "<group>"; };
		69520C6425220A050014275D /* FlockOfBirds.h */ = {isa = PBXFileReference; lastKnownFileType = sourcecode.c.h; path = FlockOfBirds.h; sourceTree = "<group>"; };
		69520C6525220A050014275D /* FlockOfBirds.m */ = {isa = PBXFileReference; lastKnownFileType = sourcecode.c.objc; path = FlockOfBirds.m; sourceTree = "<group>"; };
		69520C6725220DE20014275D /* Calculator.h */ = {isa = PBXFileReference; lastKnownFileType = sourcecode.c.h; path = Calculator.h; sourceTree = "<group>"; };
		69520C6825220DE20014275D /* Calculator.m */ = {isa = PBXFileReference; lastKnownFileType = sourcecode.c.objc; path = Calculator.m; sourceTree = "<group>"; };
/* End PBXFileReference section */

/* Begin PBXFrameworksBuildPhase section */
		69520C54252200550014275D /* Frameworks */ = {
			isa = PBXFrameworksBuildPhase;
			buildActionMask = 2147483647;
			files = (
			);
			runOnlyForDeploymentPostprocessing = 0;
		};
/* End PBXFrameworksBuildPhase section */

/* Begin PBXGroup section */
		69520C4E252200550014275D = {
			isa = PBXGroup;
			children = (
				69520C59252200550014275D /* Object-CLesson5 */,
				69520C58252200550014275D /* Products */,
			);
			sourceTree = "<group>";
		};
		69520C58252200550014275D /* Products */ = {
			isa = PBXGroup;
			children = (
				69520C57252200550014275D /* Object-CLesson5 */,
			);
			name = Products;
			sourceTree = "<group>";
		};
		69520C59252200550014275D /* Object-CLesson5 */ = {
			isa = PBXGroup;
			children = (
				69520C5A252200550014275D /* main.m */,
				69520C61252207EC0014275D /* Bird.h */,
				69520C62252207EC0014275D /* Bird.m */,
				69520C6425220A050014275D /* FlockOfBirds.h */,
				69520C6525220A050014275D /* FlockOfBirds.m */,
				69520C6725220DE20014275D /* Calculator.h */,
				69520C6825220DE20014275D /* Calculator.m */,
			);
			path = "Object-CLesson5";
			sourceTree = "<group>";
		};
/* End PBXGroup section */

/* Begin PBXNativeTarget section */
		69520C56252200550014275D /* Object-CLesson5 */ = {
			isa = PBXNativeTarget;
			buildConfigurationList = 69520C5E252200550014275D /* Build configuration list for PBXNativeTarget "Object-CLesson5" */;
			buildPhases = (
				69520C53252200550014275D /* Sources */,
				69520C54252200550014275D /* Frameworks */,
				69520C55252200550014275D /* CopyFiles */,
			);
			buildRules = (
			);
			dependencies = (
			);
			name = "Object-CLesson5";
			productName = "Object-CLesson5";
			productReference = 69520C57252200550014275D /* Object-CLesson5 */;
			productType = "com.apple.product-type.tool";
		};
/* End PBXNativeTarget section */

/* Begin PBXProject section */
		69520C4F252200550014275D /* Project object */ = {
			isa = PBXProject;
			attributes = {
				LastUpgradeCheck = 1160;
				ORGANIZATIONNAME = AngelSenpai;
				TargetAttributes = {
					69520C56252200550014275D = {
						CreatedOnToolsVersion = 11.6;
					};
				};
			};
			buildConfigurationList = 69520C52252200550014275D /* Build configuration list for PBXProject "Object-CLesson5" */;
			compatibilityVersion = "Xcode 9.3";
			developmentRegion = en;
			hasScannedForEncodings = 0;
			knownRegions = (
				en,
				Base,
			);
			mainGroup = 69520C4E252200550014275D;
			productRefGroup = 69520C58252200550014275D /* Products */;
			projectDirPath = "";
			projectRoot = "";
			targets = (
				69520C56252200550014275D /* Object-CLesson5 */,
			);
		};
/* End PBXProject section */

/* Begin PBXSourcesBuildPhase section */
		69520C53252200550014275D /* Sources */ = {
			isa = PBXSourcesBuildPhase;
			buildActionMask = 2147483647;
			files = (
				69520C63252207EC0014275D /* Bird.m in Sources */,
				69520C6925220DE20014275D /* Calculator.m in Sources */,
				69520C5B252200550014275D /* main.m in Sources */,
				69520C6625220A050014275D /* FlockOfBirds.m in Sources */,
			);
			runOnlyForDeploymentPostprocessing = 0;
		};
/* End PBXSourcesBuildPhase section */

/* Begin XCBuildConfiguration section */
		69520C5C252200550014275D /* Debug */ = {
			isa = XCBuildConfiguration;
			buildSettings = {
				ALWAYS_SEARCH_USER_PATHS = NO;
				CLANG_ANALYZER_NONNULL = YES;
				CLANG_ANALYZER_NUMBER_OBJECT_CONVERSION = YES_AGGRESSIVE;
				CLANG_CXX_LANGUAGE_STANDARD = "gnu++14";
				CLANG_CXX_LIBRARY = "libc++";
				CLANG_ENABLE_MODULES = YES;
				CLANG_ENABLE_OBJC_ARC = NO;
				CLANG_ENABLE_OBJC_WEAK = YES;
				CLANG_WARN_BLOCK_CAPTURE_AUTORELEASING = YES;
				CLANG_WARN_BOOL_CONVERSION = YES;
				CLANG_WARN_COMMA = YES;
				CLANG_WARN_CONSTANT_CONVERSION = YES;
				CLANG_WARN_DEPRECATED_OBJC_IMPLEMENTATIONS = YES;
				CLANG_WARN_DIRECT_OBJC_ISA_USAGE = YES_ERROR;
				CLANG_WARN_DOCUMENTATION_COMMENTS = YES;
				CLANG_WARN_EMPTY_BODY = YES;
				CLANG_WARN_ENUM_CONVERSION = YES;
				CLANG_WARN_INFINITE_RECURSION = YES;
				CLANG_WARN_INT_CONVERSION = YES;
				CLANG_WARN_NON_LITERAL_NULL_CONVERSION = YES;
				CLANG_WARN_OBJC_IMPLICIT_RETAIN_SELF = YES;
				CLANG_WARN_OBJC_LITERAL_CONVERSION = YES;
				CLANG_WARN_OBJC_ROOT_CLASS = YES_ERROR;
				CLANG_WARN_RANGE_LOOP_ANALYSIS = YES;
				CLANG_WARN_STRICT_PROTOTYPES = YES;
				CLANG_WARN_SUSPICIOUS_MOVE = YES;
				CLANG_WARN_UNGUARDED_AVAILABILITY = YES_AGGRESSIVE;
				CLANG_WARN_UNREACHABLE_CODE = YES;
				CLANG_WARN__DUPLICATE_METHOD_MATCH = YES;
				COPY_PHASE_STRIP = NO;
				DEBUG_INFORMATION_FORMAT = dwarf;
				ENABLE_STRICT_OBJC_MSGSEND = YES;
				ENABLE_TESTABILITY = YES;
				GCC_C_LANGUAGE_STANDARD = gnu11;
				GCC_DYNAMIC_NO_PIC = NO;
				GCC_NO_COMMON_BLOCKS = YES;
				GCC_OPTIMIZATION_LEVEL = 0;
				GCC_PREPROCESSOR_DEFINITIONS = (
					"DEBUG=1",
					"$(inherited)",
				);
				GCC_WARN_64_TO_32_BIT_CONVERSION = YES;
				GCC_WARN_ABOUT_RETURN_TYPE = YES_ERROR;
				GCC_WARN_UNDECLARED_SELECTOR = YES;
				GCC_WARN_UNINITIALIZED_AUTOS = YES_AGGRESSIVE;
				GCC_WARN_UNUSED_FUNCTION = YES;
				GCC_WARN_UNUSED_VARIABLE = YES;
				MACOSX_DEPLOYMENT_TARGET = 10.15;
				MTL_ENABLE_DEBUG_INFO = INCLUDE_SOURCE;
				MTL_FAST_MATH = YES;
				ONLY_ACTIVE_ARCH = YES;
				SDKROOT = macosx;
			};
			name = Debug;
		};
		69520C5D252200550014275D /* Release */ = {
			isa = XCBuildConfiguration;
			buildSettings = {
				ALWAYS_SEARCH_USER_PATHS = NO;
				CLANG_ANALYZER_NONNULL = YES;
				CLANG_ANALYZER_NUMBER_OBJECT_CONVERSION = YES_AGGRESSIVE;
				CLANG_CXX_LANGUAGE_STANDARD = "gnu++14";
				CLANG_CXX_LIBRARY = "libc++";
				CLANG_ENABLE_MODULES = YES;
				CLANG_ENABLE_OBJC_ARC = NO;
				CLANG_ENABLE_OBJC_WEAK = YES;
				CLANG_WARN_BLOCK_CAPTURE_AUTORELEASING = YES;
				CLANG_WARN_BOOL_CONVERSION = YES;
				CLANG_WARN_COMMA = YES;
				CLANG_WARN_CONSTANT_CONVERSION = YES;
				CLANG_WARN_DEPRECATED_OBJC_IMPLEMENTATIONS = YES;
				CLANG_WARN_DIRECT_OBJC_ISA_USAGE = YES_ERROR;
				CLANG_WARN_DOCUMENTATION_COMMENTS = YES;
				CLANG_WARN_EMPTY_BODY = YES;
				CLANG_WARN_ENUM_CONVERSION = YES;
				CLANG_WARN_INFINITE_RECURSION = YES;
				CLANG_WARN_INT_CONVERSION = YES;
				CLANG_WARN_NON_LITERAL_NULL_CONVERSION = YES;
				CLANG_WARN_OBJC_IMPLICIT_RETAIN_SELF = YES;
				CLANG_WARN_OBJC_LITERAL_CONVERSION = YES;
				CLANG_WARN_OBJC_ROOT_CLASS = YES_ERROR;
				CLANG_WARN_RANGE_LOOP_ANALYSIS = YES;
				CLANG_WARN_STRICT_PROTOTYPES = YES;
				CLANG_WARN_SUSPICIOUS_MOVE = YES;
				CLANG_WARN_UNGUARDED_AVAILABILITY = YES_AGGRESSIVE;
				CLANG_WARN_UNREACHABLE_CODE = YES;
				CLANG_WARN__DUPLICATE_METHOD_MATCH = YES;
				COPY_PHASE_STRIP = NO;
				DEBUG_INFORMATION_FORMAT = "dwarf-with-dsym";
				ENABLE_NS_ASSERTIONS = NO;
				ENABLE_STRICT_OBJC_MSGSEND = YES;
				GCC_C_LANGUAGE_STANDARD = gnu11;
				GCC_NO_COMMON_BLOCKS = YES;
				GCC_WARN_64_TO_32_BIT_CONVERSION = YES;
				GCC_WARN_ABOUT_RETURN_TYPE = YES_ERROR;
				GCC_WARN_UNDECLARED_SELECTOR = YES;
				GCC_WARN_UNINITIALIZED_AUTOS = YES_AGGRESSIVE;
				GCC_WARN_UNUSED_FUNCTION = YES;
				GCC_WARN_UNUSED_VARIABLE = YES;
				MACOSX_DEPLOYMENT_TARGET = 10.15;
				MTL_ENABLE_DEBUG_INFO = NO;
				MTL_FAST_MATH = YES;
				SDKROOT = macosx;
			};
			name = Release;
		};
		69520C5F252200550014275D /* Debug */ = {
			isa = XCBuildConfiguration;
			buildSettings = {
				CODE_SIGN_STYLE = Automatic;
				DEVELOPMENT_TEAM = PP7W3PD67Z;
				ENABLE_HARDENED_RUNTIME = YES;
				PRODUCT_NAME = "$(TARGET_NAME)";
			};
			name = Debug;
		};
		69520C60252200550014275D /* Release */ = {
			isa = XCBuildConfiguration;
			buildSettings = {
				CODE_SIGN_STYLE = Automatic;
				DEVELOPMENT_TEAM = PP7W3PD67Z;
				ENABLE_HARDENED_RUNTIME = YES;
				PRODUCT_NAME = "$(TARGET_NAME)";
			};
			name = Release;
		};
/* End XCBuildConfiguration section */

/* Begin XCConfigurationList section */
		69520C52252200550014275D /* Build configuration list for PBXProject "Object-CLesson5" */ = {
			isa = XCConfigurationList;
			buildConfigurations = (
				69520C5C252200550014275D /* Debug */,
				69520C5D252200550014275D /* Release */,
			);
			defaultConfigurationIsVisible = 0;
			defaultConfigurationName = Release;
		};
		69520C5E252200550014275D /* Build configuration list for PBXNativeTarget "Object-CLesson5" */ = {
			isa = XCConfigurationList;
			buildConfigurations = (
				69520C5F252200550014275D /* Debug */,
				69520C60252200550014275D /* Release */,
			);
			defaultConfigurationIsVisible = 0;
			defaultConfigurationName = Release;
		};
/* End XCConfigurationList section */
	};
	rootObject = 69520C4F252200550014275D /* Project object */;
}
